// !$*UTF8*$!
{
	archiveVersion = 1;
	classes = {
	};
	objectVersion = 46;
	objects = {

/* Begin PBXBuildFile section */
		980CA3461EF083E600DE201B /* AppDelegate.swift in Sources */ = {isa = PBXBuildFile; fileRef = 980CA3451EF083E600DE201B /* AppDelegate.swift */; };
		980CA3481EF083E600DE201B /* ViewController.swift in Sources */ = {isa = PBXBuildFile; fileRef = 980CA3471EF083E600DE201B /* ViewController.swift */; };
		980CA34B1EF083E600DE201B /* Main.storyboard in Resources */ = {isa = PBXBuildFile; fileRef = 980CA3491EF083E600DE201B /* Main.storyboard */; };
		980CA34D1EF083E600DE201B /* Assets.xcassets in Resources */ = {isa = PBXBuildFile; fileRef = 980CA34C1EF083E600DE201B /* Assets.xcassets */; };
		980CA3501EF083E600DE201B /* LaunchScreen.storyboard in Resources */ = {isa = PBXBuildFile; fileRef = 980CA34E1EF083E600DE201B /* LaunchScreen.storyboard */; };
		98775DBD1F203E2E0030BFCD /* Card.swift in Sources */ = {isa = PBXBuildFile; fileRef = 98775DBC1F203E2E0030BFCD /* Card.swift */; };
/* End PBXBuildFile section */

/* Begin PBXFileReference section */
		980CA3421EF083E600DE201B /* Card Wallet.app */ = {isa = PBXFileReference; explicitFileType = wrapper.application; includeInIndex = 0; path = "Card Wallet.app"; sourceTree = BUILT_PRODUCTS_DIR; };
		980CA3451EF083E600DE201B /* AppDelegate.swift */ = {isa = PBXFileReference; lastKnownFileType = sourcecode.swift; path = AppDelegate.swift; sourceTree = "<group>"; };
		980CA3471EF083E600DE201B /* ViewController.swift */ = {isa = PBXFileReference; lastKnownFileType = sourcecode.swift; path = ViewController.swift; sourceTree = "<group>"; };
		980CA34A1EF083E600DE201B /* Base */ = {isa = PBXFileReference; lastKnownFileType = file.storyboard; name = Base; path = Base.lproj/Main.storyboard; sourceTree = "<group>"; };
		980CA34C1EF083E600DE201B /* Assets.xcassets */ = {isa = PBXFileReference; lastKnownFileType = folder.assetcatalog; path = Assets.xcassets; sourceTree = "<group>"; };
		980CA34F1EF083E600DE201B /* Base */ = {isa = PBXFileReference; lastKnownFileType = file.storyboard; name = Base; path = Base.lproj/LaunchScreen.storyboard; sourceTree = "<group>"; };
		980CA3511EF083E600DE201B /* Info.plist */ = {isa = PBXFileReference; lastKnownFileType = text.plist.xml; path = Info.plist; sourceTree = "<group>"; };
		98775DBC1F203E2E0030BFCD /* Card.swift */ = {isa = PBXFileReference; fileEncoding = 4; lastKnownFileType = sourcecode.swift; path = Card.swift; sourceTree = "<group>"; };
/* End PBXFileReference section */

/* Begin PBXFrameworksBuildPhase section */
		980CA33F1EF083E600DE201B /* Frameworks */ = {
			isa = PBXFrameworksBuildPhase;
			buildActionMask = 2147483647;
			files = (
			);
			runOnlyForDeploymentPostprocessing = 0;
		};
/* End PBXFrameworksBuildPhase section */

/* Begin PBXGroup section */
		980CA3391EF083E600DE201B = {
			isa = PBXGroup;
			children = (
				980CA3441EF083E600DE201B /* Card Wallet */,
				980CA3431EF083E600DE201B /* Products */,
			);
			sourceTree = "<group>";
		};
		980CA3431EF083E600DE201B /* Products */ = {
			isa = PBXGroup;
			children = (
				980CA3421EF083E600DE201B /* Card Wallet.app */,
			);
			name = Products;
			sourceTree = "<group>";
		};
		980CA3441EF083E600DE201B /* Card Wallet */ = {
			isa = PBXGroup;
			children = (
				98616B071EF35FA300094B38 /* Controllers */,
				98616B061EF35F8E00094B38 /* Views */,
				980CA3451EF083E600DE201B /* AppDelegate.swift */,
				980CA3491EF083E600DE201B /* Main.storyboard */,
				980CA34C1EF083E600DE201B /* Assets.xcassets */,
				980CA34E1EF083E600DE201B /* LaunchScreen.storyboard */,
				980CA3511EF083E600DE201B /* Info.plist */,
			);
			path = "Card Wallet";
			sourceTree = "<group>";
		};
		98616B061EF35F8E00094B38 /* Views */ = {
			isa = PBXGroup;
			children = (
				98775DBC1F203E2E0030BFCD /* Card.swift */,
			);
			name = Views;
			sourceTree = "<group>";
		};
		98616B071EF35FA300094B38 /* Controllers */ = {
			isa = PBXGroup;
			children = (
				980CA3471EF083E600DE201B /* ViewController.swift */,
			);
			name = Controllers;
			sourceTree = "<group>";
		};
/* End PBXGroup section */

/* Begin PBXNativeTarget section */
		980CA3411EF083E600DE201B /* Card Wallet */ = {
			isa = PBXNativeTarget;
			buildConfigurationList = 980CA3541EF083E600DE201B /* Build configuration list for PBXNativeTarget "Card Wallet" */;
			buildPhases = (
				980CA33E1EF083E600DE201B /* Sources */,
				980CA33F1EF083E600DE201B /* Frameworks */,
				980CA3401EF083E600DE201B /* Resources */,
			);
			buildRules = (
			);
			dependencies = (
			);
			name = "Card Wallet";
			productName = "Card Wallet";
			productReference = 980CA3421EF083E600DE201B /* Card Wallet.app */;
			productType = "com.apple.product-type.application";
		};
/* End PBXNativeTarget section */

/* Begin PBXProject section */
		980CA33A1EF083E600DE201B /* Project object */ = {
			isa = PBXProject;
			attributes = {
				LastSwiftUpdateCheck = 0830;
				LastUpgradeCheck = 0830;
				ORGANIZATIONNAME = "Shuaib Labs";
				TargetAttributes = {
					980CA3411EF083E600DE201B = {
						CreatedOnToolsVersion = 8.3.3;
						ProvisioningStyle = Automatic;
					};
				};
			};
			buildConfigurationList = 980CA33D1EF083E600DE201B /* Build configuration list for PBXProject "Card Wallet" */;
			compatibilityVersion = "Xcode 3.2";
			developmentRegion = English;
			hasScannedForEncodings = 0;
			knownRegions = (
				en,
				Base,
			);
			mainGroup = 980CA3391EF083E600DE201B;
			productRefGroup = 980CA3431EF083E600DE201B /* Products */;
			projectDirPath = "";
			projectRoot = "";
			targets = (
				980CA3411EF083E600DE201B /* Card Wallet */,
			);
		};
/* End PBXProject section */

/* Begin PBXResourcesBuildPhase section */
		980CA3401EF083E600DE201B /* Resources */ = {
			isa = PBXResourcesBuildPhase;
			buildActionMask = 2147483647;
			files = (
				980CA3501EF083E600DE201B /* LaunchScreen.storyboard in Resources */,
				980CA34D1EF083E600DE201B /* Assets.xcassets in Resources */,
				980CA34B1EF083E600DE201B /* Main.storyboard in Resources */,
			);
			runOnlyForDeploymentPostprocessing = 0;
		};
/* End PBXResourcesBuildPhase section */

/* Begin PBXSourcesBuildPhase section */
		980CA33E1EF083E600DE201B /* Sources */ = {
			isa = PBXSourcesBuildPhase;
			buildActionMask = 2147483647;
			files = (
				980CA3481EF083E600DE201B /* ViewController.swift in Sources */,
				98775DBD1F203E2E0030BFCD /* Card.swift in Sources */,
				980CA3461EF083E600DE201B /* AppDelegate.swift in Sources */,
			);
			runOnlyForDeploymentPostprocessing = 0;
		};
/* End PBXSourcesBuildPhase section */

/* Begin PBXVariantGroup section */
		980CA3491EF083E600DE201B /* Main.storyboard */ = {
			isa = PBXVariantGroup;
			children = (
				980CA34A1EF083E600DE201B /* Base */,
			);
			name = Main.storyboard;
			sourceTree = "<group>";
		};
		980CA34E1EF083E600DE201B /* LaunchScreen.storyboard */ = {
			isa = PBXVariantGroup;
			children = (
				980CA34F1EF083E600DE201B /* Base */,
			);
			name = LaunchScreen.storyboard;
			sourceTree = "<group>";
		};
/* End PBXVariantGroup section */

/* Begin XCBuildConfiguration section */
		980CA3521EF083E600DE201B /* Debug */ = {
			isa = XCBuildConfiguration;
			buildSettings = {
				ALWAYS_SEARCH_USER_PATHS = NO;
				CLANG_ANALYZER_NONNULL = YES;
				CLANG_ANALYZER_NUMBER_OBJECT_CONVERSION = YES_AGGRESSIVE;
				CLANG_CXX_LANGUAGE_STANDARD = "gnu++0x";
				CLANG_CXX_LIBRARY = "libc++";
				CLANG_ENABLE_MODULES = YES;
				CLANG_ENABLE_OBJC_ARC = YES;
				CLANG_WARN_BOOL_CONVERSION = YES;
				CLANG_WARN_CONSTANT_CONVERSION = YES;
				CLANG_WARN_DIRECT_OBJC_ISA_USAGE = YES_ERROR;
				CLANG_WARN_DOCUMENTATION_COMMENTS = YES;
				CLANG_WARN_EMPTY_BODY = YES;
				CLANG_WARN_ENUM_CONVERSION = YES;
				CLANG_WARN_INFINITE_RECURSION = YES;
				CLANG_WARN_INT_CONVERSION = YES;
				CLANG_WARN_OBJC_ROOT_CLASS = YES_ERROR;
				CLANG_WARN_SUSPICIOUS_MOVE = YES;
				CLANG_WARN_UNREACHABLE_CODE = YES;
				CLANG_WARN__DUPLICATE_METHOD_MATCH = YES;
				"CODE_SIGN_IDENTITY[sdk=iphoneos*]" = "iPhone Developer";
				COPY_PHASE_STRIP = NO;
				DEBUG_INFORMATION_FORMAT = dwarf;
				ENABLE_STRICT_OBJC_MSGSEND = YES;
				ENABLE_TESTABILITY = YES;
				GCC_C_LANGUAGE_STANDARD = gnu99;
				GCC_DYNAMIC_NO_PIC = NO;
				GCC_NO_COMMON_BLOCKS = YES;
				GCC_OPTIMIZATION_LEVEL = 0;
				GCC_PREPROCESSOR_DEFINITIONS = (
					"DEBUG=1",
					"$(inherited)",
				);
				GCC_WARN_64_TO_32_BIT_CONVERSION = YES;
				GCC_WARN_ABOUT_RETURN_TYPE = YES_ERROR;
				GCC_WARN_UNDECLARED_SELECTOR = YES;
				GCC_WARN_UNINITIALIZED_AUTOS = YES_AGGRESSIVE;
				GCC_WARN_UNUSED_FUNCTION = YES;
				GCC_WARN_UNUSED_VARIABLE = YES;
				IPHONEOS_DEPLOYMENT_TARGET = 10.3;
				MTL_ENABLE_DEBUG_INFO = YES;
				ONLY_ACTIVE_ARCH = YES;
				SDKROOT = iphoneos;
				SWIFT_ACTIVE_COMPILATION_CONDITIONS = DEBUG;
				SWIFT_OPTIMIZATION_LEVEL = "-Onone";
			};
			name = Debug;
		};
		980CA3531EF083E600DE201B /* Release */ = {
			isa = XCBuildConfiguration;
			buildSettings = {
				ALWAYS_SEARCH_USER_PATHS = NO;
				CLANG_ANALYZER_NONNULL = YES;
				CLANG_ANALYZER_NUMBER_OBJECT_CONVERSION = YES_AGGRESSIVE;
				CLANG_CXX_LANGUAGE_STANDARD = "gnu++0x";
				CLANG_CXX_LIBRARY = "libc++";
				CLANG_ENABLE_MODULES = YES;
				CLANG_ENABLE_OBJC_ARC = YES;
				CLANG_WARN_BOOL_CONVERSION = YES;
				CLANG_WARN_CONSTANT_CONVERSION = YES;
				CLANG_WARN_DIRECT_OBJC_ISA_USAGE = YES_ERROR;
				CLANG_WARN_DOCUMENTATION_COMMENTS = YES;
				CLANG_WARN_EMPTY_BODY = YES;
				CLANG_WARN_ENUM_CONVERSION = YES;
				CLANG_WARN_INFINITE_RECURSION = YES;
				CLANG_WARN_INT_CONVERSION = YES;
				CLANG_WARN_OBJC_ROOT_CLASS = YES_ERROR;
				CLANG_WARN_SUSPICIOUS_MOVE = YES;
				CLANG_WARN_UNREACHABLE_CODE = YES;
				CLANG_WARN__DUPLICATE_METHOD_MATCH = YES;
				"CODE_SIGN_IDENTITY[sdk=iphoneos*]" = "iPhone Developer";
				COPY_PHASE_STRIP = NO;
				DEBUG_INFORMATION_FORMAT = "dwarf-with-dsym";
				ENABLE_NS_ASSERTIONS = NO;
				ENABLE_STRICT_OBJC_MSGSEND = YES;
				GCC_C_LANGUAGE_STANDARD = gnu99;
				GCC_NO_COMMON_BLOCKS = YES;
				GCC_WARN_64_TO_32_BIT_CONVERSION = YES;
				GCC_WARN_ABOUT_RETURN_TYPE = YES_ERROR;
				GCC_WARN_UNDECLARED_SELECTOR = YES;
				GCC_WARN_UNINITIALIZED_AUTOS = YES_AGGRESSIVE;
				GCC_WARN_UNUSED_FUNCTION = YES;
				GCC_WARN_UNUSED_VARIABLE = YES;
				IPHONEOS_DEPLOYMENT_TARGET = 10.3;
				MTL_ENABLE_DEBUG_INFO = NO;
				SDKROOT = iphoneos;
				SWIFT_OPTIMIZATION_LEVEL = "-Owholemodule";
				VALIDATE_PRODUCT = YES;
			};
			name = Release;
		};
		980CA3551EF083E600DE201B /* Debug */ = {
			isa = XCBuildConfiguration;
			buildSettings = {
				ASSETCATALOG_COMPILER_APPICON_NAME = AppIcon;
				INFOPLIST_FILE = "Card Wallet/Info.plist";
				LD_RUNPATH_SEARCH_PATHS = "$(inherited) @executable_path/Frameworks";
				PRODUCT_BUNDLE_IDENTIFIER = "com.shuaibLabs.Card-Wallet";
				PRODUCT_NAME = "$(TARGET_NAME)";
				SWIFT_VERSION = 3.0;
			};
			name = Debug;
		};
		980CA3561EF083E600DE201B /* Release */ = {
			isa = XCBuildConfiguration;
			buildSettings = {
				ASSETCATALOG_COMPILER_APPICON_NAME = AppIcon;
				INFOPLIST_FILE = "Card Wallet/Info.plist";
				LD_RUNPATH_SEARCH_PATHS = "$(inherited) @executable_path/Frameworks";
				PRODUCT_BUNDLE_IDENTIFIER = "com.shuaibLabs.Card-Wallet";
				PRODUCT_NAME = "$(TARGET_NAME)";
				SWIFT_VERSION = 3.0;
			};
			name = Release;
		};
/* End XCBuildConfiguration section */

/* Begin XCConfigurationList section */
		980CA33D1EF083E600DE201B /* Build configuration list for PBXProject "Card Wallet" */ = {
			isa = XCConfigurationList;
			buildConfigurations = (
				980CA3521EF083E600DE201B /* Debug */,
				980CA3531EF083E600DE201B /* Release */,
			);
			defaultConfigurationIsVisible = 0;
			defaultConfigurationName = Release;
		};
		980CA3541EF083E600DE201B /* Build configuration list for PBXNativeTarget "Card Wallet" */ = {
			isa = XCConfigurationList;
			buildConfigurations = (
				980CA3551EF083E600DE201B /* Debug */,
				980CA3561EF083E600DE201B /* Release */,
			);
			defaultConfigurationIsVisible = 0;
			defaultConfigurationName = Release;
		};
/* End XCConfigurationList section */
	};
	rootObject = 980CA33A1EF083E600DE201B /* Project object */;
}
